// !$*UTF8*$!
{
	archiveVersion = 1;
	classes = {
	};
	objectVersion = 77;
	objects = {

/* Begin PBXBuildFile section */
		D1B19C442CD9E8E900D5EE4E /* Preview Assets.xcassets in Resources */ = {isa = PBXBuildFile; fileRef = D1B19C3E2CD9E8E900D5EE4E /* Preview Assets.xcassets */; };
		D1B19C452CD9E8E900D5EE4E /* Assets.xcassets in Resources */ = {isa = PBXBuildFile; fileRef = D1B19C402CD9E8E900D5EE4E /* Assets.xcassets */; };
		D1B19C552CD9E91F00D5EE4E /* SingleRecordViewModel.swift in Sources */ = {isa = PBXBuildFile; fileRef = D1B19C512CD9E91F00D5EE4E /* SingleRecordViewModel.swift */; };
		D1B19C562CD9E91F00D5EE4E /* SingleRecordView.swift in Sources */ = {isa = PBXBuildFile; fileRef = D1B19C4F2CD9E91F00D5EE4E /* SingleRecordView.swift */; };
		D1B19C572CD9E91F00D5EE4E /* MultiRecordViewModel.swift in Sources */ = {isa = PBXBuildFile; fileRef = D1B19C4C2CD9E91F00D5EE4E /* MultiRecordViewModel.swift */; };
		D1B19C582CD9E91F00D5EE4E /* MultiRecordView.swift in Sources */ = {isa = PBXBuildFile; fileRef = D1B19C4A2CD9E91F00D5EE4E /* MultiRecordView.swift */; };
		D1B19C6D2CD9EAFC00D5EE4E /* RecordManagerLibrary in Frameworks */ = {isa = PBXBuildFile; productRef = D1B19C6C2CD9EAFC00D5EE4E /* RecordManagerLibrary */; };
		D1B19C752CD9EC5E00D5EE4E /* CameraManagerLibrary in Frameworks */ = {isa = PBXBuildFile; productRef = D1B19C742CD9EC5E00D5EE4E /* CameraManagerLibrary */; };
		D1B19C822CD9EFD000D5EE4E /* UIKitViewRepresentable.swift in Sources */ = {isa = PBXBuildFile; fileRef = D1B19C812CD9EFD000D5EE4E /* UIKitViewRepresentable.swift */; };
		D1B19C832CD9EFD000D5EE4E /* ContentView.swift in Sources */ = {isa = PBXBuildFile; fileRef = D1B19C7F2CD9EFD000D5EE4E /* ContentView.swift */; };
		D1B19C842CD9EFD000D5EE4E /* LazyView.swift in Sources */ = {isa = PBXBuildFile; fileRef = D1B19C802CD9EFD000D5EE4E /* LazyView.swift */; };
/* End PBXBuildFile section */

/* Begin PBXFileReference section */
		D1B19C2D2CD9E8E300D5EE4E /* OTIS_RecordManager_Example.app */ = {isa = PBXFileReference; explicitFileType = wrapper.application; includeInIndex = 0; path = OTIS_RecordManager_Example.app; sourceTree = BUILT_PRODUCTS_DIR; };
		D1B19C3E2CD9E8E900D5EE4E /* Preview Assets.xcassets */ = {isa = PBXFileReference; lastKnownFileType = folder.assetcatalog; path = "Preview Assets.xcassets"; sourceTree = "<group>"; };
		D1B19C402CD9E8E900D5EE4E /* Assets.xcassets */ = {isa = PBXFileReference; lastKnownFileType = folder.assetcatalog; path = Assets.xcassets; sourceTree = "<group>"; };
		D1B19C4A2CD9E91F00D5EE4E /* MultiRecordView.swift */ = {isa = PBXFileReference; lastKnownFileType = sourcecode.swift; path = MultiRecordView.swift; sourceTree = "<group>"; };
		D1B19C4C2CD9E91F00D5EE4E /* MultiRecordViewModel.swift */ = {isa = PBXFileReference; lastKnownFileType = sourcecode.swift; path = MultiRecordViewModel.swift; sourceTree = "<group>"; };
		D1B19C4F2CD9E91F00D5EE4E /* SingleRecordView.swift */ = {isa = PBXFileReference; lastKnownFileType = sourcecode.swift; path = SingleRecordView.swift; sourceTree = "<group>"; };
		D1B19C512CD9E91F00D5EE4E /* SingleRecordViewModel.swift */ = {isa = PBXFileReference; lastKnownFileType = sourcecode.swift; path = SingleRecordViewModel.swift; sourceTree = "<group>"; };
		D1B19C7F2CD9EFD000D5EE4E /* ContentView.swift */ = {isa = PBXFileReference; lastKnownFileType = sourcecode.swift; path = ContentView.swift; sourceTree = "<group>"; };
		D1B19C802CD9EFD000D5EE4E /* LazyView.swift */ = {isa = PBXFileReference; lastKnownFileType = sourcecode.swift; path = LazyView.swift; sourceTree = "<group>"; };
		D1B19C812CD9EFD000D5EE4E /* UIKitViewRepresentable.swift */ = {isa = PBXFileReference; lastKnownFileType = sourcecode.swift; path = UIKitViewRepresentable.swift; sourceTree = "<group>"; };
/* End PBXFileReference section */

/* Begin PBXFrameworksBuildPhase section */
		D1B19C2A2CD9E8E300D5EE4E /* Frameworks */ = {
			isa = PBXFrameworksBuildPhase;
			buildActionMask = 2147483647;
			files = (
				D1B19C6D2CD9EAFC00D5EE4E /* RecordManagerLibrary in Frameworks */,
				D1B19C752CD9EC5E00D5EE4E /* CameraManagerLibrary in Frameworks */,
			);
			runOnlyForDeploymentPostprocessing = 0;
		};
/* End PBXFrameworksBuildPhase section */

/* Begin PBXGroup section */
		D1B19C242CD9E8E300D5EE4E = {
			isa = PBXGroup;
			children = (
				D1B19C432CD9E8E900D5EE4E /* OTIS_RecordManager_Example */,
				D1B19C662CD9E99A00D5EE4E /* Frameworks */,
				D1B19C2E2CD9E8E300D5EE4E /* Products */,
			);
			sourceTree = "<group>";
		};
		D1B19C2E2CD9E8E300D5EE4E /* Products */ = {
			isa = PBXGroup;
			children = (
				D1B19C2D2CD9E8E300D5EE4E /* OTIS_RecordManager_Example.app */,
			);
			name = Products;
			sourceTree = "<group>";
		};
		D1B19C3F2CD9E8E900D5EE4E /* Preview Content */ = {
			isa = PBXGroup;
			children = (
				D1B19C3E2CD9E8E900D5EE4E /* Preview Assets.xcassets */,
			);
			path = "Preview Content";
			sourceTree = "<group>";
		};
		D1B19C432CD9E8E900D5EE4E /* OTIS_RecordManager_Example */ = {
			isa = PBXGroup;
			children = (
				D1B19C3F2CD9E8E900D5EE4E /* Preview Content */,
				D1B19C762CD9EF4500D5EE4E /* Application */,
				D1B19C542CD9E91F00D5EE4E /* RecordExample */,
				D1B19C402CD9E8E900D5EE4E /* Assets.xcassets */,
			);
			path = OTIS_RecordManager_Example;
			sourceTree = "<group>";
		};
		D1B19C4B2CD9E91F00D5EE4E /* View */ = {
			isa = PBXGroup;
			children = (
				D1B19C4A2CD9E91F00D5EE4E /* MultiRecordView.swift */,
			);
			path = View;
			sourceTree = "<group>";
		};
		D1B19C4D2CD9E91F00D5EE4E /* ViewModel */ = {
			isa = PBXGroup;
			children = (
				D1B19C4C2CD9E91F00D5EE4E /* MultiRecordViewModel.swift */,
			);
			path = ViewModel;
			sourceTree = "<group>";
		};
		D1B19C4E2CD9E91F00D5EE4E /* MultiRecord */ = {
			isa = PBXGroup;
			children = (
				D1B19C4B2CD9E91F00D5EE4E /* View */,
				D1B19C4D2CD9E91F00D5EE4E /* ViewModel */,
			);
			path = MultiRecord;
			sourceTree = "<group>";
		};
		D1B19C502CD9E91F00D5EE4E /* View */ = {
			isa = PBXGroup;
			children = (
				D1B19C4F2CD9E91F00D5EE4E /* SingleRecordView.swift */,
			);
			path = View;
			sourceTree = "<group>";
		};
		D1B19C522CD9E91F00D5EE4E /* ViewModel */ = {
			isa = PBXGroup;
			children = (
				D1B19C512CD9E91F00D5EE4E /* SingleRecordViewModel.swift */,
			);
			path = ViewModel;
			sourceTree = "<group>";
		};
		D1B19C532CD9E91F00D5EE4E /* SingleRecord */ = {
			isa = PBXGroup;
			children = (
				D1B19C502CD9E91F00D5EE4E /* View */,
				D1B19C522CD9E91F00D5EE4E /* ViewModel */,
			);
			path = SingleRecord;
			sourceTree = "<group>";
		};
		D1B19C542CD9E91F00D5EE4E /* RecordExample */ = {
			isa = PBXGroup;
			children = (
				D1B19C4E2CD9E91F00D5EE4E /* MultiRecord */,
				D1B19C532CD9E91F00D5EE4E /* SingleRecord */,
			);
			path = RecordExample;
			sourceTree = "<group>";
		};
		D1B19C662CD9E99A00D5EE4E /* Frameworks */ = {
			isa = PBXGroup;
			children = (
			);
			name = Frameworks;
			sourceTree = "<group>";
		};
		D1B19C762CD9EF4500D5EE4E /* Application */ = {
			isa = PBXGroup;
			children = (
				D1B19C7F2CD9EFD000D5EE4E /* ContentView.swift */,
				D1B19C802CD9EFD000D5EE4E /* LazyView.swift */,
				D1B19C812CD9EFD000D5EE4E /* UIKitViewRepresentable.swift */,
			);
			path = Application;
			sourceTree = "<group>";
		};
/* End PBXGroup section */

/* Begin PBXNativeTarget section */
		D1B19C2C2CD9E8E300D5EE4E /* OTIS_RecordManager_Example */ = {
			isa = PBXNativeTarget;
			buildConfigurationList = D1B19C3B2CD9E8E500D5EE4E /* Build configuration list for PBXNativeTarget "OTIS_RecordManager_Example" */;
			buildPhases = (
				D1B19C292CD9E8E300D5EE4E /* Sources */,
				D1B19C2A2CD9E8E300D5EE4E /* Frameworks */,
				D1B19C2B2CD9E8E300D5EE4E /* Resources */,
			);
			buildRules = (
			);
			dependencies = (
			);
			name = OTIS_RecordManager_Example;
			packageProductDependencies = (
				D1B19C6C2CD9EAFC00D5EE4E /* RecordManagerLibrary */,
				D1B19C742CD9EC5E00D5EE4E /* CameraManagerLibrary */,
			);
			productName = OTIS_RecordManager_Example;
			productReference = D1B19C2D2CD9E8E300D5EE4E /* OTIS_RecordManager_Example.app */;
			productType = "com.apple.product-type.application";
		};
/* End PBXNativeTarget section */

/* Begin PBXProject section */
		D1B19C252CD9E8E300D5EE4E /* Project object */ = {
			isa = PBXProject;
			attributes = {
				BuildIndependentTargetsInParallel = 1;
				LastSwiftUpdateCheck = 1600;
				LastUpgradeCheck = 1600;
				TargetAttributes = {
					D1B19C2C2CD9E8E300D5EE4E = {
						CreatedOnToolsVersion = 16.0;
					};
				};
			};
			buildConfigurationList = D1B19C282CD9E8E300D5EE4E /* Build configuration list for PBXProject "OTIS_RecordManager_Example" */;
			developmentRegion = en;
			hasScannedForEncodings = 0;
			knownRegions = (
				en,
				Base,
			);
			mainGroup = D1B19C242CD9E8E300D5EE4E;
			minimizedProjectReferenceProxies = 1;
			packageReferences = (
				D1B19C692CD9E9BE00D5EE4E /* XCRemoteSwiftPackageReference "RecordManagerLibrary" */,
				D1B19C732CD9EC5E00D5EE4E /* XCRemoteSwiftPackageReference "CameraManagerLibrary" */,
			);
			preferredProjectObjectVersion = 77;
			productRefGroup = D1B19C2E2CD9E8E300D5EE4E /* Products */;
			projectDirPath = "";
			projectRoot = "";
			targets = (
				D1B19C2C2CD9E8E300D5EE4E /* OTIS_RecordManager_Example */,
			);
		};
/* End PBXProject section */

/* Begin PBXResourcesBuildPhase section */
		D1B19C2B2CD9E8E300D5EE4E /* Resources */ = {
			isa = PBXResourcesBuildPhase;
			buildActionMask = 2147483647;
			files = (
				D1B19C442CD9E8E900D5EE4E /* Preview Assets.xcassets in Resources */,
				D1B19C452CD9E8E900D5EE4E /* Assets.xcassets in Resources */,
			);
			runOnlyForDeploymentPostprocessing = 0;
		};
/* End PBXResourcesBuildPhase section */

/* Begin PBXSourcesBuildPhase section */
		D1B19C292CD9E8E300D5EE4E /* Sources */ = {
			isa = PBXSourcesBuildPhase;
			buildActionMask = 2147483647;
			files = (
				D1B19C552CD9E91F00D5EE4E /* SingleRecordViewModel.swift in Sources */,
				D1B19C562CD9E91F00D5EE4E /* SingleRecordView.swift in Sources */,
				D1B19C572CD9E91F00D5EE4E /* MultiRecordViewModel.swift in Sources */,
				D1B19C582CD9E91F00D5EE4E /* MultiRecordView.swift in Sources */,
				D1B19C822CD9EFD000D5EE4E /* UIKitViewRepresentable.swift in Sources */,
				D1B19C832CD9EFD000D5EE4E /* ContentView.swift in Sources */,
				D1B19C842CD9EFD000D5EE4E /* LazyView.swift in Sources */,
			);
			runOnlyForDeploymentPostprocessing = 0;
		};
/* End PBXSourcesBuildPhase section */

/* Begin XCBuildConfiguration section */
		D1B19C392CD9E8E500D5EE4E /* Debug */ = {
			isa = XCBuildConfiguration;
			buildSettings = {
				ALWAYS_SEARCH_USER_PATHS = NO;
				ASSETCATALOG_COMPILER_GENERATE_SWIFT_ASSET_SYMBOL_EXTENSIONS = YES;
				CLANG_ANALYZER_NONNULL = YES;
				CLANG_ANALYZER_NUMBER_OBJECT_CONVERSION = YES_AGGRESSIVE;
				CLANG_CXX_LANGUAGE_STANDARD = "gnu++20";
				CLANG_ENABLE_MODULES = YES;
				CLANG_ENABLE_OBJC_ARC = YES;
				CLANG_ENABLE_OBJC_WEAK = YES;
				CLANG_WARN_BLOCK_CAPTURE_AUTORELEASING = YES;
				CLANG_WARN_BOOL_CONVERSION = YES;
				CLANG_WARN_COMMA = YES;
				CLANG_WARN_CONSTANT_CONVERSION = YES;
				CLANG_WARN_DEPRECATED_OBJC_IMPLEMENTATIONS = YES;
				CLANG_WARN_DIRECT_OBJC_ISA_USAGE = YES_ERROR;
				CLANG_WARN_DOCUMENTATION_COMMENTS = YES;
				CLANG_WARN_EMPTY_BODY = YES;
				CLANG_WARN_ENUM_CONVERSION = YES;
				CLANG_WARN_INFINITE_RECURSION = YES;
				CLANG_WARN_INT_CONVERSION = YES;
				CLANG_WARN_NON_LITERAL_NULL_CONVERSION = YES;
				CLANG_WARN_OBJC_IMPLICIT_RETAIN_SELF = YES;
				CLANG_WARN_OBJC_LITERAL_CONVERSION = YES;
				CLANG_WARN_OBJC_ROOT_CLASS = YES_ERROR;
				CLANG_WARN_QUOTED_INCLUDE_IN_FRAMEWORK_HEADER = YES;
				CLANG_WARN_RANGE_LOOP_ANALYSIS = YES;
				CLANG_WARN_STRICT_PROTOTYPES = YES;
				CLANG_WARN_SUSPICIOUS_MOVE = YES;
				CLANG_WARN_UNGUARDED_AVAILABILITY = YES_AGGRESSIVE;
				CLANG_WARN_UNREACHABLE_CODE = YES;
				CLANG_WARN__DUPLICATE_METHOD_MATCH = YES;
				COPY_PHASE_STRIP = NO;
				DEBUG_INFORMATION_FORMAT = dwarf;
				ENABLE_STRICT_OBJC_MSGSEND = YES;
				ENABLE_TESTABILITY = YES;
				ENABLE_USER_SCRIPT_SANDBOXING = YES;
				GCC_C_LANGUAGE_STANDARD = gnu17;
				GCC_DYNAMIC_NO_PIC = NO;
				GCC_NO_COMMON_BLOCKS = YES;
				GCC_OPTIMIZATION_LEVEL = 0;
				GCC_PREPROCESSOR_DEFINITIONS = (
					"DEBUG=1",
					"$(inherited)",
				);
				GCC_WARN_64_TO_32_BIT_CONVERSION = YES;
				GCC_WARN_ABOUT_RETURN_TYPE = YES_ERROR;
				GCC_WARN_UNDECLARED_SELECTOR = YES;
				GCC_WARN_UNINITIALIZED_AUTOS = YES_AGGRESSIVE;
				GCC_WARN_UNUSED_FUNCTION = YES;
				GCC_WARN_UNUSED_VARIABLE = YES;
				IPHONEOS_DEPLOYMENT_TARGET = 18.0;
				LOCALIZATION_PREFERS_STRING_CATALOGS = YES;
				MTL_ENABLE_DEBUG_INFO = INCLUDE_SOURCE;
				MTL_FAST_MATH = YES;
				ONLY_ACTIVE_ARCH = YES;
				SDKROOT = iphoneos;
				SWIFT_ACTIVE_COMPILATION_CONDITIONS = "DEBUG $(inherited)";
				SWIFT_OPTIMIZATION_LEVEL = "-Onone";
			};
			name = Debug;
		};
		D1B19C3A2CD9E8E500D5EE4E /* Release */ = {
			isa = XCBuildConfiguration;
			buildSettings = {
				ALWAYS_SEARCH_USER_PATHS = NO;
				ASSETCATALOG_COMPILER_GENERATE_SWIFT_ASSET_SYMBOL_EXTENSIONS = YES;
				CLANG_ANALYZER_NONNULL = YES;
				CLANG_ANALYZER_NUMBER_OBJECT_CONVERSION = YES_AGGRESSIVE;
				CLANG_CXX_LANGUAGE_STANDARD = "gnu++20";
				CLANG_ENABLE_MODULES = YES;
				CLANG_ENABLE_OBJC_ARC = YES;
				CLANG_ENABLE_OBJC_WEAK = YES;
				CLANG_WARN_BLOCK_CAPTURE_AUTORELEASING = YES;
				CLANG_WARN_BOOL_CONVERSION = YES;
				CLANG_WARN_COMMA = YES;
				CLANG_WARN_CONSTANT_CONVERSION = YES;
				CLANG_WARN_DEPRECATED_OBJC_IMPLEMENTATIONS = YES;
				CLANG_WARN_DIRECT_OBJC_ISA_USAGE = YES_ERROR;
				CLANG_WARN_DOCUMENTATION_COMMENTS = YES;
				CLANG_WARN_EMPTY_BODY = YES;
				CLANG_WARN_ENUM_CONVERSION = YES;
				CLANG_WARN_INFINITE_RECURSION = YES;
				CLANG_WARN_INT_CONVERSION = YES;
				CLANG_WARN_NON_LITERAL_NULL_CONVERSION = YES;
				CLANG_WARN_OBJC_IMPLICIT_RETAIN_SELF = YES;
				CLANG_WARN_OBJC_LITERAL_CONVERSION = YES;
				CLANG_WARN_OBJC_ROOT_CLASS = YES_ERROR;
				CLANG_WARN_QUOTED_INCLUDE_IN_FRAMEWORK_HEADER = YES;
				CLANG_WARN_RANGE_LOOP_ANALYSIS = YES;
				CLANG_WARN_STRICT_PROTOTYPES = YES;
				CLANG_WARN_SUSPICIOUS_MOVE = YES;
				CLANG_WARN_UNGUARDED_AVAILABILITY = YES_AGGRESSIVE;
				CLANG_WARN_UNREACHABLE_CODE = YES;
				CLANG_WARN__DUPLICATE_METHOD_MATCH = YES;
				COPY_PHASE_STRIP = NO;
				DEBUG_INFORMATION_FORMAT = "dwarf-with-dsym";
				ENABLE_NS_ASSERTIONS = NO;
				ENABLE_STRICT_OBJC_MSGSEND = YES;
				ENABLE_USER_SCRIPT_SANDBOXING = YES;
				GCC_C_LANGUAGE_STANDARD = gnu17;
				GCC_NO_COMMON_BLOCKS = YES;
				GCC_WARN_64_TO_32_BIT_CONVERSION = YES;
				GCC_WARN_ABOUT_RETURN_TYPE = YES_ERROR;
				GCC_WARN_UNDECLARED_SELECTOR = YES;
				GCC_WARN_UNINITIALIZED_AUTOS = YES_AGGRESSIVE;
				GCC_WARN_UNUSED_FUNCTION = YES;
				GCC_WARN_UNUSED_VARIABLE = YES;
				IPHONEOS_DEPLOYMENT_TARGET = 18.0;
				LOCALIZATION_PREFERS_STRING_CATALOGS = YES;
				MTL_ENABLE_DEBUG_INFO = NO;
				MTL_FAST_MATH = YES;
				SDKROOT = iphoneos;
				SWIFT_COMPILATION_MODE = wholemodule;
				VALIDATE_PRODUCT = YES;
			};
			name = Release;
		};
		D1B19C3C2CD9E8E500D5EE4E /* Debug */ = {
			isa = XCBuildConfiguration;
			buildSettings = {
				ASSETCATALOG_COMPILER_APPICON_NAME = AppIcon;
				ASSETCATALOG_COMPILER_GLOBAL_ACCENT_COLOR_NAME = AccentColor;
				CODE_SIGN_STYLE = Automatic;
				CURRENT_PROJECT_VERSION = 1;
				DEVELOPMENT_ASSET_PATHS = "\"OTIS_RecordManager_Example/Preview Content\"";
				DEVELOPMENT_TEAM = 6SCMS5NHSF;
				ENABLE_PREVIEWS = YES;
				GENERATE_INFOPLIST_FILE = YES;
				INFOPLIST_KEY_NSCameraUsageDescription = "";
				INFOPLIST_KEY_NSMicrophoneUsageDescription = "";
				INFOPLIST_KEY_NSPhotoLibraryUsageDescription = "";
				INFOPLIST_KEY_UIApplicationSceneManifest_Generation = YES;
				INFOPLIST_KEY_UIApplicationSupportsIndirectInputEvents = YES;
				INFOPLIST_KEY_UILaunchScreen_Generation = YES;
				INFOPLIST_KEY_UISupportedInterfaceOrientations_iPad = "UIInterfaceOrientationPortrait UIInterfaceOrientationPortraitUpsideDown UIInterfaceOrientationLandscapeLeft UIInterfaceOrientationLandscapeRight";
				INFOPLIST_KEY_UISupportedInterfaceOrientations_iPhone = "UIInterfaceOrientationPortrait UIInterfaceOrientationLandscapeLeft UIInterfaceOrientationLandscapeRight";
				IPHONEOS_DEPLOYMENT_TARGET = 14.0;
				LD_RUNPATH_SEARCH_PATHS = (
					"$(inherited)",
					"@executable_path/Frameworks",
				);
				MARKETING_VERSION = 1.0;
				PRODUCT_BUNDLE_IDENTIFIER = "com.otis.projects.OTIS-RecordManager-Example";
				PRODUCT_NAME = "$(TARGET_NAME)";
				SWIFT_EMIT_LOC_STRINGS = YES;
				SWIFT_VERSION = 5.0;
				TARGETED_DEVICE_FAMILY = "1,2";
			};
			name = Debug;
		};
		D1B19C3D2CD9E8E500D5EE4E /* Release */ = {
			isa = XCBuildConfiguration;
			buildSettings = {
				ASSETCATALOG_COMPILER_APPICON_NAME = AppIcon;
				ASSETCATALOG_COMPILER_GLOBAL_ACCENT_COLOR_NAME = AccentColor;
				CODE_SIGN_STYLE = Automatic;
				CURRENT_PROJECT_VERSION = 1;
				DEVELOPMENT_ASSET_PATHS = "\"OTIS_RecordManager_Example/Preview Content\"";
				DEVELOPMENT_TEAM = 6SCMS5NHSF;
				ENABLE_PREVIEWS = YES;
				GENERATE_INFOPLIST_FILE = YES;
				INFOPLIST_KEY_NSCameraUsageDescription = "";
				INFOPLIST_KEY_NSMicrophoneUsageDescription = "";
				INFOPLIST_KEY_NSPhotoLibraryUsageDescription = "";
				INFOPLIST_KEY_UIApplicationSceneManifest_Generation = YES;
				INFOPLIST_KEY_UIApplicationSupportsIndirectInputEvents = YES;
				INFOPLIST_KEY_UILaunchScreen_Generation = YES;
				INFOPLIST_KEY_UISupportedInterfaceOrientations_iPad = "UIInterfaceOrientationPortrait UIInterfaceOrientationPortraitUpsideDown UIInterfaceOrientationLandscapeLeft UIInterfaceOrientationLandscapeRight";
				INFOPLIST_KEY_UISupportedInterfaceOrientations_iPhone = "UIInterfaceOrientationPortrait UIInterfaceOrientationLandscapeLeft UIInterfaceOrientationLandscapeRight";
				IPHONEOS_DEPLOYMENT_TARGET = 14.0;
				LD_RUNPATH_SEARCH_PATHS = (
					"$(inherited)",
					"@executable_path/Frameworks",
				);
				MARKETING_VERSION = 1.0;
				PRODUCT_BUNDLE_IDENTIFIER = "com.otis.projects.OTIS-RecordManager-Example";
				PRODUCT_NAME = "$(TARGET_NAME)";
				SWIFT_EMIT_LOC_STRINGS = YES;
				SWIFT_VERSION = 5.0;
				TARGETED_DEVICE_FAMILY = "1,2";
			};
			name = Release;
		};
/* End XCBuildConfiguration section */

/* Begin XCConfigurationList section */
		D1B19C282CD9E8E300D5EE4E /* Build configuration list for PBXProject "OTIS_RecordManager_Example" */ = {
			isa = XCConfigurationList;
			buildConfigurations = (
				D1B19C392CD9E8E500D5EE4E /* Debug */,
				D1B19C3A2CD9E8E500D5EE4E /* Release */,
			);
			defaultConfigurationIsVisible = 0;
			defaultConfigurationName = Release;
		};
		D1B19C3B2CD9E8E500D5EE4E /* Build configuration list for PBXNativeTarget "OTIS_RecordManager_Example" */ = {
			isa = XCConfigurationList;
			buildConfigurations = (
				D1B19C3C2CD9E8E500D5EE4E /* Debug */,
				D1B19C3D2CD9E8E500D5EE4E /* Release */,
			);
			defaultConfigurationIsVisible = 0;
			defaultConfigurationName = Release;
		};
/* End XCConfigurationList section */

/* Begin XCRemoteSwiftPackageReference section */
		D1B19C692CD9E9BE00D5EE4E /* XCRemoteSwiftPackageReference "RecordManagerLibrary" */ = {
			isa = XCRemoteSwiftPackageReference;
			repositoryURL = "https://github.com/1domybest/RecordManagerLibrary";
			requirement = {
				kind = upToNextMajorVersion;
				minimumVersion = 1.0.1;
			};
		};
		D1B19C732CD9EC5E00D5EE4E /* XCRemoteSwiftPackageReference "CameraManagerLibrary" */ = {
			isa = XCRemoteSwiftPackageReference;
			repositoryURL = "https://github.com/1domybest/CameraManagerLibrary";
			requirement = {
				kind = upToNextMajorVersion;
				minimumVersion = 1.0.139;
			};
		};
/* End XCRemoteSwiftPackageReference section */

/* Begin XCSwiftPackageProductDependency section */
		D1B19C6C2CD9EAFC00D5EE4E /* RecordManagerLibrary */ = {
			isa = XCSwiftPackageProductDependency;
			package = D1B19C692CD9E9BE00D5EE4E /* XCRemoteSwiftPackageReference "RecordManagerLibrary" */;
			productName = RecordManagerLibrary;
		};
		D1B19C742CD9EC5E00D5EE4E /* CameraManagerLibrary */ = {
			isa = XCSwiftPackageProductDependency;
			package = D1B19C732CD9EC5E00D5EE4E /* XCRemoteSwiftPackageReference "CameraManagerLibrary" */;
			productName = CameraManagerLibrary;
		};
/* End XCSwiftPackageProductDependency section */
	};
	rootObject = D1B19C252CD9E8E300D5EE4E /* Project object */;
}
